
Microsoft Visual Studio Solution File, Format Version 12.00
# Visual Studio Version 17
VisualStudioVersion = 17.0.32002.185
MinimumVisualStudioVersion = 10.0.40219.1
Project("{FAE04EC0-301F-11D3-BF4B-00C04F79EFBC}") = "GroupTest", "GroupTest\GroupTest.csproj", "{4E834EEC-D756-4D74-B2C7-58CEB91B8F61}"
EndProject
Global
	GlobalSection(SolutionConfigurationPlatforms) = preSolution
		Debug|Any CPU = Debug|Any CPU
		Release|Any CPU = Release|Any CPU
	EndGlobalSection
	GlobalSection(ProjectConfigurationPlatforms) = postSolution
		{4E834EEC-D756-4D74-B2C7-58CEB91B8F61}.Debug|Any CPU.ActiveCfg = Debug|Any CPU
		{4E834EEC-D756-4D74-B2C7-58CEB91B8F61}.Debug|Any CPU.Build.0 = Debug|Any CPU
		{4E834EEC-D756-4D74-B2C7-58CEB91B8F61}.Release|Any CPU.ActiveCfg = Release|Any CPU
		{4E834EEC-D756-4D74-B2C7-58CEB91B8F61}.Release|Any CPU.Build.0 = Release|Any CPU
	EndGlobalSection
	GlobalSection(SolutionProperties) = preSolution
		HideSolutionNode = FALSE
	EndGlobalSection
	GlobalSection(ExtensibilityGlobals) = postSolution
		SolutionGuid = {6E63DACD-F222-4C66-AE0E-8A60B53E1510}
	EndGlobalSection
EndGlobal
